lockfileVersion: '6.0'

settings:
  autoInstallPeers: true
  excludeLinksFromLockfile: false

devDependencies:
  '@napi-rs/cli':
    specifier: ^2.18.4
    version: 2.18.4
  ava:
    specifier: ^6.0.1
    version: 6.3.0

packages:

  /@isaacs/cliui@8.0.2:
    resolution: {integrity: sha512-O8jcjabXaleOG9DQ0+ARXWZBTfnP4WNAqzuiJK7ll44AmxGKv/J2M4TPjxjY3znBCfvBXFzucm1twdyFybFqEA==}
    engines: {node: '>=12'}
    dependencies:
      string-width: 5.1.2
      string-width-cjs: /string-width@4.2.3
      strip-ansi: 7.1.0
      strip-ansi-cjs: /strip-ansi@6.0.1
      wrap-ansi: 8.1.0
      wrap-ansi-cjs: /wrap-ansi@7.0.0
    dev: true

  /@isaacs/fs-minipass@4.0.1:
    resolution: {integrity: sha512-wgm9Ehl2jpeqP3zw/7mo3kRHFp5MEDhqAdwy1fTGkHAwnkGOVsgpvQhL8B5n1qlb01jV3n/bI0ZfZp5lWA1k4w==}
    engines: {node: '>=18.0.0'}
    dependencies:
      minipass: 7.1.2
    dev: true

  /@mapbox/node-pre-gyp@2.0.0:
    resolution: {integrity: sha512-llMXd39jtP0HpQLVI37Bf1m2ADlEb35GYSh1SDSLsBhR+5iCxiNGlT31yqbNtVHygHAtMy6dWFERpU2JgufhPg==}
    engines: {node: '>=18'}
    hasBin: true
    dependencies:
      consola: 3.4.2
      detect-libc: 2.0.4
      https-proxy-agent: 7.0.6
      node-fetch: 2.7.0
      nopt: 8.1.0
      semver: 7.7.2
      tar: 7.4.3
    transitivePeerDependencies:
      - encoding
      - supports-color
    dev: true

  /@napi-rs/cli@2.18.4:
    resolution: {integrity: sha512-SgJeA4df9DE2iAEpr3M2H0OKl/yjtg1BnRI5/JyowS71tUWhrfSu2LT0V3vlHET+g1hBVlrO60PmEXwUEKp8Mg==}
    engines: {node: '>= 10'}
    hasBin: true
    dev: true

  /@nodelib/fs.scandir@2.1.5:
    resolution: {integrity: sha512-vq24Bq3ym5HEQm2NKCr3yXDwjc7vTsEThRDnkp2DK9p1uqLR+DHurm/NOTo0KG7HYHU7eppKZj3MyqYuMBf62g==}
    engines: {node: '>= 8'}
    dependencies:
      '@nodelib/fs.stat': 2.0.5
      run-parallel: 1.2.0
    dev: true

  /@nodelib/fs.stat@2.0.5:
    resolution: {integrity: sha512-RkhPPp2zrqDAQA/2jNhnztcPAlv64XdhIp7a7454A5ovI7Bukxgt7MX7udwAu3zg1DcpPU0rz3VV1SeaqvY4+A==}
    engines: {node: '>= 8'}
    dev: true

  /@nodelib/fs.walk@1.2.8:
    resolution: {integrity: sha512-oGB+UxlgWcgQkgwo8GcEGwemoTFt3FIO9ababBmaGwXIoBKZ+GTy0pP185beGg7Llih/NSHSV2XAs1lnznocSg==}
    engines: {node: '>= 8'}
    dependencies:
      '@nodelib/fs.scandir': 2.1.5
      fastq: 1.19.1
    dev: true

  /@pkgjs/parseargs@0.11.0:
    resolution: {integrity: sha512-+1VkjdD0QBLPodGrJUeqarH8VAIvQODIbwh9XpP5Syisf7YoQgsJKPNFoqqLQlu+VQ/tVSshMR6loPMn8U+dPg==}
    engines: {node: '>=14'}
    requiresBuild: true
    dev: true
    optional: true

  /@rollup/pluginutils@5.1.4:
    resolution: {integrity: sha512-USm05zrsFxYLPdWWq+K3STlWiT/3ELn3RcV5hJMghpeAIhxfsUIg6mt12CBJBInWMV4VneoV7SfGv8xIwo2qNQ==}
    engines: {node: '>=14.0.0'}
    peerDependencies:
      rollup: ^1.20.0||^2.0.0||^3.0.0||^4.0.0
    peerDependenciesMeta:
      rollup:
        optional: true
    dependencies:
      '@types/estree': 1.0.7
      estree-walker: 2.0.2
      picomatch: 4.0.2
    dev: true

  /@sindresorhus/merge-streams@2.3.0:
    resolution: {integrity: sha512-LtoMMhxAlorcGhmFYI+LhPgbPZCkgP6ra1YL604EeF6U98pLlQ3iWIGMdWSC+vWmPBWBNgmDBAhnAobLROJmwg==}
    engines: {node: '>=18'}
    dev: true

  /@types/estree@1.0.7:
    resolution: {integrity: sha512-w28IoSUCJpidD/TGviZwwMJckNESJZXFu7NBZ5YJ4mEUnNraUn9Pm8HSZm/jDF1pDWYKspWE7oVphigUPRakIQ==}
    dev: true

  /@vercel/nft@0.29.3:
    resolution: {integrity: sha512-aVV0E6vJpuvImiMwU1/5QKkw2N96BRFE7mBYGS7FhXUoS6V7SarQ+8tuj33o7ofECz8JtHpmQ9JW+oVzOoB7MA==}
    engines: {node: '>=18'}
    hasBin: true
    dependencies:
      '@mapbox/node-pre-gyp': 2.0.0
      '@rollup/pluginutils': 5.1.4
      acorn: 8.14.1
      acorn-import-attributes: 1.9.5(acorn@8.14.1)
      async-sema: 3.1.1
      bindings: 1.5.0
      estree-walker: 2.0.2
      glob: 10.4.5
      graceful-fs: 4.2.11
      node-gyp-build: 4.8.4
      picomatch: 4.0.2
      resolve-from: 5.0.0
    transitivePeerDependencies:
      - encoding
      - rollup
      - supports-color
    dev: true

  /abbrev@3.0.1:
    resolution: {integrity: sha512-AO2ac6pjRB3SJmGJo+v5/aK6Omggp6fsLrs6wN9bd35ulu4cCwaAU9+7ZhXjeqHVkaHThLuzH0nZr0YpCDhygg==}
    engines: {node: ^18.17.0 || >=20.5.0}
    dev: true

  /acorn-import-attributes@1.9.5(acorn@8.14.1):
    resolution: {integrity: sha512-n02Vykv5uA3eHGM/Z2dQrcD56kL8TyDb2p1+0P83PClMnC/nc+anbQRhIOWnSq4Ke/KvDPrY3C9hDtC/A3eHnQ==}
    peerDependencies:
      acorn: ^8
    dependencies:
      acorn: 8.14.1
    dev: true

  /acorn-walk@8.3.4:
    resolution: {integrity: sha512-ueEepnujpqee2o5aIYnvHU6C0A42MNdsIDeqy5BydrkuC5R1ZuUFnm27EeFJGoEHJQgn3uleRvmTXaJgfXbt4g==}
    engines: {node: '>=0.4.0'}
    dependencies:
      acorn: 8.14.1
    dev: true

  /acorn@8.14.1:
    resolution: {integrity: sha512-OvQ/2pUDKmgfCg++xsTX1wGxfTaszcHVcTctW4UJB4hibJx2HXxxO5UmVgyjMa+ZDsiaf5wWLXYpRWMmBI0QHg==}
    engines: {node: '>=0.4.0'}
    hasBin: true
    dev: true

  /agent-base@7.1.3:
    resolution: {integrity: sha512-jRR5wdylq8CkOe6hei19GGZnxM6rBGwFl3Bg0YItGDimvjGtAvdZk4Pu6Cl4u4Igsws4a1fd1Vq3ezrhn4KmFw==}
    engines: {node: '>= 14'}
    dev: true

  /ansi-regex@5.0.1:
    resolution: {integrity: sha1-CCyyyJyf6GWaMRpTvWpNxTAdswQ=}
    engines: {node: '>=8'}
    dev: true

  /ansi-regex@6.1.0:
    resolution: {integrity: sha512-7HSX4QQb4CspciLpVFwyRe79O3xsIZDDLER21kERQ71oaPodF8jL725AgJMFAYbooIqolJoRLuM81SpeUkpkvA==}
    engines: {node: '>=12'}
    dev: true

  /ansi-styles@4.3.0:
    resolution: {integrity: sha1-7dgDYornHATIWuegkG7a00tkiTc=}
    engines: {node: '>=8'}
    dependencies:
      color-convert: 2.0.1
    dev: true

  /ansi-styles@6.2.1:
    resolution: {integrity: sha512-bN798gFfQX+viw3R7yrGWRqnrN2oRkEkUjjl4JNn4E8GxxbjtG3FbrEIIY3l8/hrwUwIeCZvi4QuOTP4MErVug==}
    engines: {node: '>=12'}
    dev: true

  /argparse@1.0.10:
    resolution: {integrity: sha1-vNZ5HqWuCXJeF+WtmIE0zUCz2RE=}
    dependencies:
      sprintf-js: 1.0.3
    dev: true

  /array-find-index@1.0.2:
    resolution: {integrity: sha1-3wEKoSh+Fku9pvlyOwqWoexBh6E=}
    engines: {node: '>=0.10.0'}
    dev: true

  /arrgv@1.0.2:
    resolution: {integrity: sha1-Al7VWmpDPK2bYE+BEvxCknFabsA=}
    engines: {node: '>=8.0.0'}
    dev: true

  /arrify@3.0.0:
    resolution: {integrity: sha1-zN77jq8qHSqw2hyizlMRh1n9Rrw=}
    engines: {node: '>=12'}
    dev: true

  /async-sema@3.1.1:
    resolution: {integrity: sha512-tLRNUXati5MFePdAk8dw7Qt7DpxPB60ofAgn8WRhW6a2rcimZnYBP9oxHiv0OHy+Wz7kPMG+t4LGdt31+4EmGg==}
    dev: true

  /ava@6.3.0:
    resolution: {integrity: sha512-64K+xNmlgMo1D94evJlkBWmJ6CGrO6oEctGEjA3PIl5GrwZyMXM5OEycZWnKGduE1YdqMvYDl29SgnNk7kyx+A==}
    engines: {node: ^18.18 || ^20.8 || ^22 || >=23}
    hasBin: true
    peerDependencies:
      '@ava/typescript': '*'
    peerDependenciesMeta:
      '@ava/typescript':
        optional: true
    dependencies:
      '@vercel/nft': 0.29.3
      acorn: 8.14.1
      acorn-walk: 8.3.4
      ansi-styles: 6.2.1
      arrgv: 1.0.2
      arrify: 3.0.0
      callsites: 4.2.0
      cbor: 10.0.3
      chalk: 5.4.1
      chunkd: 2.0.1
      ci-info: 4.2.0
      ci-parallel-vars: 1.0.1
      cli-truncate: 4.0.0
      code-excerpt: 4.0.0
      common-path-prefix: 3.0.0
      concordance: 5.0.4
      currently-unhandled: 0.4.1
      debug: 4.4.0
      emittery: 1.1.0
      figures: 6.1.0
      globby: 14.1.0
      ignore-by-default: 2.1.0
      indent-string: 5.0.0
      is-plain-object: 5.0.0
      is-promise: 4.0.0
      matcher: 5.0.0
      memoize: 10.1.0
      ms: 2.1.3
      p-map: 7.0.3
      package-config: 5.0.0
      picomatch: 4.0.2
      plur: 5.1.0
      pretty-ms: 9.2.0
      resolve-cwd: 3.0.0
      stack-utils: 2.0.6
      strip-ansi: 7.1.0
      supertap: 3.0.1
      temp-dir: 3.0.0
      write-file-atomic: 6.0.0
      yargs: 17.7.2
    transitivePeerDependencies:
      - encoding
      - rollup
      - supports-color
    dev: true

  /balanced-match@1.0.2:
    resolution: {integrity: sha1-6D46fj8wCzTLnYf2FfoMvzV2kO4=}
    dev: true

  /bindings@1.5.0:
    resolution: {integrity: sha1-EDU8npRTNLwFEabZCzj7x8nFBN8=}
    dependencies:
      file-uri-to-path: 1.0.0
    dev: true

  /blueimp-md5@2.19.0:
    resolution: {integrity: sha1-tT/upUmNy1PcbsS4I624S3KcSvA=}
    dev: true

  /brace-expansion@2.0.1:
    resolution: {integrity: sha1-HtxFng8MVISG7Pn8mfIiE2S5oK4=}
    dependencies:
      balanced-match: 1.0.2
    dev: true

  /braces@3.0.3:
    resolution: {integrity: sha512-yQbXgO/OSZVD2IsiLlro+7Hf6Q18EJrKSEsdoMzKePKXct3gvD8oLcOQdIzGupr5Fj+EDe8gO/lxc1BzfMpxvA==}
    engines: {node: '>=8'}
    dependencies:
      fill-range: 7.1.1
    dev: true

  /callsites@4.2.0:
    resolution: {integrity: sha512-kfzR4zzQtAE9PC7CzZsjl3aBNbXWuXiSeOCdLcPpBfGW8YuCqQHcRPFDbr/BPVmd3EEPVpuFzLyuT/cUhPr4OQ==}
    engines: {node: '>=12.20'}
    dev: true

  /cbor@10.0.3:
    resolution: {integrity: sha512-72Jnj81xMsqepqdcSdf2+fflz/UDsThOHy5hj2MW5F5xzHL8Oa0KQ6I6V9CwVUPxg5pf+W9xp6W2KilaRXWWtw==}
    engines: {node: '>=18'}
    dependencies:
      nofilter: 3.1.0
    dev: true

  /chalk@5.4.1:
    resolution: {integrity: sha512-zgVZuo2WcZgfUEmsn6eO3kINexW8RAE4maiQ8QNs8CtpPCSyMiYsULR3HQYkm3w8FIA3SberyMJMSldGsW+U3w==}
    engines: {node: ^12.17.0 || ^14.13 || >=16.0.0}
    dev: true

  /chownr@3.0.0:
    resolution: {integrity: sha512-+IxzY9BZOQd/XuYPRmrvEVjF/nqj5kgT4kEq7VofrDoM1MxoRjEWkrCC3EtLi59TVawxTAn+orJwFQcrqEN1+g==}
    engines: {node: '>=18'}
    dev: true

  /chunkd@2.0.1:
    resolution: {integrity: sha1-Sc0dewaZLcT3/M2WL+KhAe59qSA=}
    dev: true

  /ci-info@4.2.0:
    resolution: {integrity: sha512-cYY9mypksY8NRqgDB1XD1RiJL338v/551niynFTGkZOO2LHuB2OmOYxDIe/ttN9AHwrqdum1360G3ald0W9kCg==}
    engines: {node: '>=8'}
    dev: true

  /ci-parallel-vars@1.0.1:
    resolution: {integrity: sha1-6H/wYlzPnShphbKbStqEhcqf+8I=}
    dev: true

  /cli-truncate@4.0.0:
    resolution: {integrity: sha512-nPdaFdQ0h/GEigbPClz11D0v/ZJEwxmeVZGeMo3Z5StPtUTkA9o1lD6QwoirYiSDzbcwn2XcjwmCp68W1IS4TA==}
    engines: {node: '>=18'}
    dependencies:
      slice-ansi: 5.0.0
      string-width: 7.2.0
    dev: true

  /cliui@8.0.1:
    resolution: {integrity: sha512-BSeNnyus75C4//NQ9gQt1/csTXyo/8Sb+afLAkzAptFuMsod9HFokGNudZpi/oQV73hnVK+sR+5PVRMd+Dr7YQ==}
    engines: {node: '>=12'}
    dependencies:
      string-width: 4.2.3
      strip-ansi: 6.0.1
      wrap-ansi: 7.0.0
    dev: true

  /code-excerpt@4.0.0:
    resolution: {integrity: sha512-xxodCmBen3iy2i0WtAK8FlFNrRzjUqjRsMfho58xT/wvZU1YTM3fCnRjcy1gJPMepaRlgm/0e6w8SpWHpn3/cA==}
    engines: {node: ^12.20.0 || ^14.13.1 || >=16.0.0}
    dependencies:
      convert-to-spaces: 2.0.1
    dev: true

  /color-convert@2.0.1:
    resolution: {integrity: sha1-ctOmjVmMm9s68q0ehPIdiWq9TeM=}
    engines: {node: '>=7.0.0'}
    dependencies:
      color-name: 1.1.4
    dev: true

  /color-name@1.1.4:
    resolution: {integrity: sha1-wqCah6y95pVD3m9j+jmVyCbFNqI=}
    dev: true

  /common-path-prefix@3.0.0:
    resolution: {integrity: sha1-fQB6fgfFjEtNX0MxMaGRQbKfEeA=}
    dev: true

  /concordance@5.0.4:
    resolution: {integrity: sha512-OAcsnTEYu1ARJqWVGwf4zh4JDfHZEaSNlNccFmt8YjB2l/n19/PF2viLINHc57vO4FKIAFl2FWASIGZZWZ2Kxw==}
    engines: {node: '>=10.18.0 <11 || >=12.14.0 <13 || >=14'}
    dependencies:
      date-time: 3.1.0
      esutils: 2.0.3
      fast-diff: 1.3.0
      js-string-escape: 1.0.1
      lodash: 4.17.21
      md5-hex: 3.0.1
      semver: 7.7.2
      well-known-symbols: 2.0.0
    dev: true

  /consola@3.4.2:
    resolution: {integrity: sha512-5IKcdX0nnYavi6G7TtOhwkYzyjfJlatbjMjuLSfE2kYT5pMDOilZ4OvMhi637CcDICTmz3wARPoyhqyX1Y+XvA==}
    engines: {node: ^14.18.0 || >=16.10.0}
    dev: true

  /convert-to-spaces@2.0.1:
    resolution: {integrity: sha512-rcQ1bsQO9799wq24uE5AM2tAILy4gXGIK/njFWcVQkGNZ96edlpY+A7bjwvzjYvLDyzmG1MmMLZhpcsb+klNMQ==}
    engines: {node: ^12.20.0 || ^14.13.1 || >=16.0.0}
    dev: true

  /cross-spawn@7.0.6:
    resolution: {integrity: sha512-uV2QOWP2nWzsy2aMp8aRibhi9dlzF5Hgh5SHaB9OiTGEyDTiJJyx0uy51QXdyWbtAHNua4XJzUKca3OzKUd3vA==}
    engines: {node: '>= 8'}
    dependencies:
      path-key: 3.1.1
      shebang-command: 2.0.0
      which: 2.0.2
    dev: true

  /currently-unhandled@0.4.1:
    resolution: {integrity: sha1-mI3zP+qxke95mmE2nddsF635V+o=}
    engines: {node: '>=0.10.0'}
    dependencies:
      array-find-index: 1.0.2
    dev: true

  /date-time@3.1.0:
    resolution: {integrity: sha1-DR6TTRcFefSB7Y3x4rj/cO6EXh4=}
    engines: {node: '>=6'}
    dependencies:
      time-zone: 1.0.0
    dev: true

  /debug@4.4.0:
    resolution: {integrity: sha512-6WTZ/IxCY/T6BALoZHaE4ctp9xm+Z5kY/pzYaCHRFeyVhojxlrm+46y68HA6hr0TcwEssoxNiDEUJQjfPZ/RYA==}
    engines: {node: '>=6.0'}
    peerDependencies:
      supports-color: '*'
    peerDependenciesMeta:
      supports-color:
        optional: true
    dependencies:
      ms: 2.1.3
    dev: true

  /detect-libc@2.0.4:
    resolution: {integrity: sha512-3UDv+G9CsCKO1WKMGw9fwq/SWJYbI0c5Y7LU1AXYoDdbhE2AHQ6N6Nb34sG8Fj7T5APy8qXDCKuuIHd1BR0tVA==}
    engines: {node: '>=8'}
    dev: true

  /eastasianwidth@0.2.0:
    resolution: {integrity: sha1-aWzi7Aqg5uqTo5f/zySqeEDIJ8s=}
    dev: true

  /emittery@1.1.0:
    resolution: {integrity: sha512-rsX7ktqARv/6UQDgMaLfIqUWAEzzbCQiVh7V9rhDXp6c37yoJcks12NVD+XPkgl4AEavmNhVfrhGoqYwIsMYYA==}
    engines: {node: '>=14.16'}
    dev: true

  /emoji-regex@10.4.0:
    resolution: {integrity: sha512-EC+0oUMY1Rqm4O6LLrgjtYDvcVYTy7chDnM4Q7030tP4Kwj3u/pR6gP9ygnp2CJMK5Gq+9Q2oqmrFJAz01DXjw==}
    dev: true

  /emoji-regex@8.0.0:
    resolution: {integrity: sha1-6Bj9ac5cz8tARZT4QpY79TFkzDc=}
    dev: true

  /emoji-regex@9.2.2:
    resolution: {integrity: sha1-hAyIA7DYBH9P8M+WMXazLU7z7XI=}
    dev: true

  /escalade@3.2.0:
    resolution: {integrity: sha512-WUj2qlxaQtO4g6Pq5c29GTcWGDyd8itL8zTlipgECz3JesAiiOKotd8JU6otB3PACgG6xkJUyVhboMS+bje/jA==}
    engines: {node: '>=6'}
    dev: true

  /escape-string-regexp@2.0.0:
    resolution: {integrity: sha512-UpzcLCXolUWcNu5HtVMHYdXJjArjsF9C0aNnquZYY4uW/Vu0miy5YoWvbV345HauVvcAUnpRuhMMcqTcGOY2+w==}
    engines: {node: '>=8'}
    dev: true

  /escape-string-regexp@5.0.0:
    resolution: {integrity: sha512-/veY75JbMK4j1yjvuUxuVsiS/hr/4iHs9FTT6cgTexxdE0Ly/glccBAkloH/DofkjRbZU3bnoj38mOmhkZ0lHw==}
    engines: {node: '>=12'}
    dev: true

  /esprima@4.0.1:
    resolution: {integrity: sha512-eGuFFw7Upda+g4p+QHvnW0RyTX/SVeJBDM/gCtMARO0cLuT2HcEKnTPvhjV6aGeqrCB/sbNop0Kszm0jsaWU4A==}
    engines: {node: '>=4'}
    hasBin: true
    dev: true

  /estree-walker@2.0.2:
    resolution: {integrity: sha512-Rfkk/Mp/DL7JVje3u18FxFujQlTNR2q6QfMSMB7AvCBx91NGj/ba3kCfza0f6dVDbw7YlRf/nDrn7pQrCCyQ/w==}
    dev: true

  /esutils@2.0.3:
    resolution: {integrity: sha512-kVscqXk4OCp68SZ0dkgEKVi6/8ij300KBWTJq32P/dYeWTSwK41WyTxalN1eRmA5Z9UU/LX9D7FWSmV9SAYx6g==}
    engines: {node: '>=0.10.0'}
    dev: true

  /fast-diff@1.3.0:
    resolution: {integrity: sha512-VxPP4NqbUjj6MaAOafWeUn2cXWLcCtljklUtZf0Ind4XQ+QPtmA0b18zZy0jIQx+ExRVCR/ZQpBmik5lXshNsw==}
    dev: true

  /fast-glob@3.3.3:
    resolution: {integrity: sha512-7MptL8U0cqcFdzIzwOTHoilX9x5BrNqye7Z/LuC7kCMRio1EMSyqRK3BEAUD7sXRq4iT4AzTVuZdhgQ2TCvYLg==}
    engines: {node: '>=8.6.0'}
    dependencies:
      '@nodelib/fs.stat': 2.0.5
      '@nodelib/fs.walk': 1.2.8
      glob-parent: 5.1.2
      merge2: 1.4.1
      micromatch: 4.0.8
    dev: true

  /fastq@1.19.1:
    resolution: {integrity: sha512-GwLTyxkCXjXbxqIhTsMI2Nui8huMPtnxg7krajPJAjnEG/iiOS7i+zCtWGZR9G0NBKbXKh6X9m9UIsYX/N6vvQ==}
    dependencies:
      reusify: 1.1.0
    dev: true

  /figures@6.1.0:
    resolution: {integrity: sha512-d+l3qxjSesT4V7v2fh+QnmFnUWv9lSpjarhShNTgBOfA0ttejbQUAlHLitbjkoRiDulW0OPoQPYIGhIC8ohejg==}
    engines: {node: '>=18'}
    dependencies:
      is-unicode-supported: 2.1.0
    dev: true

  /file-uri-to-path@1.0.0:
    resolution: {integrity: sha1-VTp7hEb/b2hDWcRF8eN6BdrMM90=}
    dev: true

  /fill-range@7.1.1:
    resolution: {integrity: sha512-YsGpe3WHLK8ZYi4tWDg2Jy3ebRz2rXowDxnld4bkQB00cc/1Zw9AWnC0i9ztDJitivtQvaI9KaLyKrc+hBW0yg==}
    engines: {node: '>=8'}
    dependencies:
      to-regex-range: 5.0.1
    dev: true

  /find-up-simple@1.0.1:
    resolution: {integrity: sha512-afd4O7zpqHeRyg4PfDQsXmlDe2PfdHtJt6Akt8jOWaApLOZk5JXs6VMR29lz03pRe9mpykrRCYIYxaJYcfpncQ==}
    engines: {node: '>=18'}
    dev: true

  /foreground-child@3.3.1:
    resolution: {integrity: sha512-gIXjKqtFuWEgzFRJA9WCQeSJLZDjgJUOMCMzxtvFq/37KojM1BFGufqsCy0r4qSQmYLsZYMeyRqzIWOMup03sw==}
    engines: {node: '>=14'}
    dependencies:
      cross-spawn: 7.0.6
      signal-exit: 4.1.0
    dev: true

  /get-caller-file@2.0.5:
    resolution: {integrity: sha1-T5RBKoLbMvNuOwuXQfipf+sDH34=}
    engines: {node: 6.* || 8.* || >= 10.*}
    dev: true

  /get-east-asian-width@1.3.0:
    resolution: {integrity: sha512-vpeMIQKxczTD/0s2CdEWHcb0eeJe6TFjxb+J5xgX7hScxqrGuyjmv4c1D4A/gelKfyox0gJJwIHF+fLjeaM8kQ==}
    engines: {node: '>=18'}
    dev: true

  /glob-parent@5.1.2:
    resolution: {integrity: sha1-hpgyxYA0/mikCTwX3BXoNA2EAcQ=}
    engines: {node: '>= 6'}
    dependencies:
      is-glob: 4.0.3
    dev: true

  /glob@10.4.5:
    resolution: {integrity: sha512-7Bv8RF0k6xjo7d4A/PxYLbUCfb6c+Vpd2/mB2yRDlew7Jb5hEXiCD9ibfO7wpk8i4sevK6DFny9h7EYbM3/sHg==}
    hasBin: true
    dependencies:
      foreground-child: 3.3.1
      jackspeak: 3.4.3
      minimatch: 9.0.5
      minipass: 7.1.2
      package-json-from-dist: 1.0.1
      path-scurry: 1.11.1
    dev: true

  /globby@14.1.0:
    resolution: {integrity: sha512-0Ia46fDOaT7k4og1PDW4YbodWWr3scS2vAr2lTbsplOt2WkKp0vQbkI9wKis/T5LV/dqPjO3bpS/z6GTJB82LA==}
    engines: {node: '>=18'}
    dependencies:
      '@sindresorhus/merge-streams': 2.3.0
      fast-glob: 3.3.3
      ignore: 7.0.4
      path-type: 6.0.0
      slash: 5.1.0
      unicorn-magic: 0.3.0
    dev: true

  /graceful-fs@4.2.11:
    resolution: {integrity: sha512-RbJ5/jmFcNNCcDV5o9eTnBLJ/HszWV0P73bc+Ff4nS/rJj+YaS6IGyiOL0VoBYX+l1Wrl3k63h/KrH+nhJ0XvQ==}
    dev: true

  /https-proxy-agent@7.0.6:
    resolution: {integrity: sha512-vK9P5/iUfdl95AI+JVyUuIcVtd4ofvtrOr3HNtM2yxC9bnMbEdp3x01OhQNnjb8IJYi38VlTE3mBXwcfvywuSw==}
    engines: {node: '>= 14'}
    dependencies:
      agent-base: 7.1.3
      debug: 4.4.0
    transitivePeerDependencies:
      - supports-color
    dev: true

  /ignore-by-default@2.1.0:
    resolution: {integrity: sha512-yiWd4GVmJp0Q6ghmM2B/V3oZGRmjrKLXvHR3TE1nfoXsmoggllfZUQe74EN0fJdPFZu2NIvNdrMMLm3OsV7Ohw==}
    engines: {node: '>=10 <11 || >=12 <13 || >=14'}
    dev: true

  /ignore@7.0.4:
    resolution: {integrity: sha512-gJzzk+PQNznz8ysRrC0aOkBNVRBDtE1n53IqyqEf3PXrYwomFs5q4pGMizBMJF+ykh03insJ27hB8gSrD2Hn8A==}
    engines: {node: '>= 4'}
    dev: true

  /imurmurhash@0.1.4:
    resolution: {integrity: sha1-khi5srkoojixPcT7a21XbyMUU+o=}
    engines: {node: '>=0.8.19'}
    dev: true

  /indent-string@5.0.0:
    resolution: {integrity: sha1-T9KYD8yvhiLRTGTWlPTPM8gZUaU=}
    engines: {node: '>=12'}
    dev: true

  /irregular-plurals@3.5.0:
    resolution: {integrity: sha512-1ANGLZ+Nkv1ptFb2pa8oG8Lem4krflKuX/gINiHJHjJUKaJHk/SXk5x6K3J+39/p0h1RQ2saROclJJ+QLvETCQ==}
    engines: {node: '>=8'}
    dev: true

  /is-extglob@2.1.1:
    resolution: {integrity: sha1-qIwCU1eR8C7TfHahueqXc8gz+MI=}
    engines: {node: '>=0.10.0'}
    dev: true

  /is-fullwidth-code-point@3.0.0:
    resolution: {integrity: sha1-8Rb4Bk/pCz94RKOJl8C3UFEmnx0=}
    engines: {node: '>=8'}
    dev: true

  /is-fullwidth-code-point@4.0.0:
    resolution: {integrity: sha1-+uMWfHKedGP4RhzlErCApJJoqog=}
    engines: {node: '>=12'}
    dev: true

  /is-glob@4.0.3:
    resolution: {integrity: sha1-ZPYeQsu7LuwgcanawLKLoeZdUIQ=}
    engines: {node: '>=0.10.0'}
    dependencies:
      is-extglob: 2.1.1
    dev: true

  /is-number@7.0.0:
    resolution: {integrity: sha1-dTU0W4lnNNX4DE0GxQlVUnoU8Ss=}
    engines: {node: '>=0.12.0'}
    dev: true

  /is-plain-object@5.0.0:
    resolution: {integrity: sha1-RCf1CrNCnpAl6n1S6QQ6nvQVk0Q=}
    engines: {node: '>=0.10.0'}
    dev: true

  /is-promise@4.0.0:
    resolution: {integrity: sha1-Qv+fhCBsGZHSbev1IN1cAQQt0vM=}
    dev: true

  /is-unicode-supported@2.1.0:
    resolution: {integrity: sha512-mE00Gnza5EEB3Ds0HfMyllZzbBrmLOX3vfWoj9A9PEnTfratQ/BcaJOuMhnkhjXvb2+FkY3VuHqtAGpTPmglFQ==}
    engines: {node: '>=18'}
    dev: true

  /isexe@2.0.0:
    resolution: {integrity: sha1-6PvzdNxVb/iUehDcsFctYz8s+hA=}
    dev: true

  /jackspeak@3.4.3:
    resolution: {integrity: sha512-OGlZQpz2yfahA/Rd1Y8Cd9SIEsqvXkLVoSw/cgwhnhFMDbsQFeZYoJJ7bIZBS9BcamUW96asq/npPWugM+RQBw==}
    dependencies:
      '@isaacs/cliui': 8.0.2
    optionalDependencies:
      '@pkgjs/parseargs': 0.11.0
    dev: true

  /js-string-escape@1.0.1:
    resolution: {integrity: sha1-4mJbrbwNZ8dTPp7cEGjFh65BN+8=}
    engines: {node: '>= 0.8'}
    dev: true

  /js-yaml@3.14.1:
    resolution: {integrity: sha1-2ugS/bOCX6MGYJqHFzg8UMNqBTc=}
    hasBin: true
    dependencies:
      argparse: 1.0.10
      esprima: 4.0.1
    dev: true

  /load-json-file@7.0.1:
    resolution: {integrity: sha1-o8n95r7/tr7bWs8QT61rsWBOGwA=}
    engines: {node: ^12.20.0 || ^14.13.1 || >=16.0.0}
    dev: true

  /lodash@4.17.21:
    resolution: {integrity: sha1-Z5WRxWTDv/quhFTPCz3zcMPWkRw=}
    dev: true

  /lru-cache@10.4.3:
    resolution: {integrity: sha512-JNAzZcXrCt42VGLuYz0zfAzDfAvJWW6AfYlDBQyDV5DClI2m5sAmK+OIO7s59XfsRsWHp02jAJrRadPRGTt6SQ==}
    dev: true

  /matcher@5.0.0:
    resolution: {integrity: sha1-zYLxx65+5HKp7q+Ox8rEXg/g2mI=}
    engines: {node: ^12.20.0 || ^14.13.1 || >=16.0.0}
    dependencies:
      escape-string-regexp: 5.0.0
    dev: true

  /md5-hex@3.0.1:
    resolution: {integrity: sha1-vjdBtRBZFDSyeE155Vbu/Cyajlw=}
    engines: {node: '>=8'}
    dependencies:
      blueimp-md5: 2.19.0
    dev: true

  /memoize@10.1.0:
    resolution: {integrity: sha512-MMbFhJzh4Jlg/poq1si90XRlTZRDHVqdlz2mPyGJ6kqMpyHUyVpDd5gpFAvVehW64+RA1eKE9Yt8aSLY7w2Kgg==}
    engines: {node: '>=18'}
    dependencies:
      mimic-function: 5.0.1
    dev: true

  /merge2@1.4.1:
    resolution: {integrity: sha1-Q2iJL4hekHRVpv19xVwMnUBJkK4=}
    engines: {node: '>= 8'}
    dev: true

  /micromatch@4.0.8:
    resolution: {integrity: sha512-PXwfBhYu0hBCPw8Dn0E+WDYb7af3dSLVWKi3HGv84IdF4TyFoC0ysxFd0Goxw7nSv4T/PzEJQxsYsEiFCKo2BA==}
    engines: {node: '>=8.6'}
    dependencies:
      braces: 3.0.3
      picomatch: 2.3.1
    dev: true

  /mimic-function@5.0.1:
    resolution: {integrity: sha512-VP79XUPxV2CigYP3jWwAUFSku2aKqBH7uTAapFWCBqutsbmDo96KY5o8uh6U+/YSIn5OxJnXp73beVkpqMIGhA==}
    engines: {node: '>=18'}
    dev: true

  /minimatch@9.0.5:
    resolution: {integrity: sha512-G6T0ZX48xgozx7587koeX9Ys2NYy6Gmv//P89sEte9V9whIapMNF4idKxnW2QtCcLiTWlb/wfCabAtAFWhhBow==}
    engines: {node: '>=16 || 14 >=14.17'}
    dependencies:
      brace-expansion: 2.0.1
    dev: true

  /minipass@7.1.2:
    resolution: {integrity: sha512-qOOzS1cBTWYF4BH8fVePDBOO9iptMnGUEZwNc/cMWnTV2nVLZ7VoNWEPHkYczZA0pdoA7dl6e7FL659nX9S2aw==}
    engines: {node: '>=16 || 14 >=14.17'}
    dev: true

  /minizlib@3.0.2:
    resolution: {integrity: sha512-oG62iEk+CYt5Xj2YqI5Xi9xWUeZhDI8jjQmC5oThVH5JGCTgIjr7ciJDzC7MBzYd//WvR1OTmP5Q38Q8ShQtVA==}
    engines: {node: '>= 18'}
    dependencies:
      minipass: 7.1.2
    dev: true

  /mkdirp@3.0.1:
    resolution: {integrity: sha512-+NsyUUAZDmo6YVHzL/stxSu3t9YS1iljliy3BSDrXJ/dkn1KYdmtZODGGjLcc9XLgVVpH4KshHB8XmZgMhaBXg==}
    engines: {node: '>=10'}
    hasBin: true
    dev: true

  /ms@2.1.3:
    resolution: {integrity: sha1-V0yBOM4dK1hh8LRFedut1gxmFbI=}
    dev: true

  /node-fetch@2.7.0:
    resolution: {integrity: sha512-c4FRfUm/dbcWZ7U+1Wq0AwCyFL+3nt2bEw05wfxSz+DWpWsitgmSgYmy2dQdWyKC1694ELPqMs/YzUSNozLt8A==}
    engines: {node: 4.x || >=6.0.0}
    peerDependencies:
      encoding: ^0.1.0
    peerDependenciesMeta:
      encoding:
        optional: true
    dependencies:
      whatwg-url: 5.0.0
    dev: true

  /node-gyp-build@4.8.4:
    resolution: {integrity: sha512-LA4ZjwlnUblHVgq0oBF3Jl/6h/Nvs5fzBLwdEF4nuxnFdsfajde4WfxtJr3CaiH+F6ewcIB/q4jQ4UzPyid+CQ==}
    hasBin: true
    dev: true

  /nofilter@3.1.0:
    resolution: {integrity: sha512-l2NNj07e9afPnhAhvgVrCD/oy2Ai1yfLpuo3EpiO1jFTsB4sFz6oIfAfSZyQzVpkZQ9xS8ZS5g1jCBgq4Hwo0g==}
    engines: {node: '>=12.19'}
    dev: true

  /nopt@8.1.0:
    resolution: {integrity: sha512-ieGu42u/Qsa4TFktmaKEwM6MQH0pOWnaB3htzh0JRtx84+Mebc0cbZYN5bC+6WTZ4+77xrL9Pn5m7CV6VIkV7A==}
    engines: {node: ^18.17.0 || >=20.5.0}
    hasBin: true
    dependencies:
      abbrev: 3.0.1
    dev: true

  /p-map@7.0.3:
    resolution: {integrity: sha512-VkndIv2fIB99swvQoA65bm+fsmt6UNdGeIB0oxBs+WhAhdh08QA04JXpI7rbB9r08/nkbysKoya9rtDERYOYMA==}
    engines: {node: '>=18'}
    dev: true

  /package-config@5.0.0:
    resolution: {integrity: sha512-GYTTew2slBcYdvRHqjhwaaydVMvn/qrGC323+nKclYioNSLTDUM/lGgtGTgyHVtYcozb+XkE8CNhwcraOmZ9Mg==}
    engines: {node: '>=18'}
    dependencies:
      find-up-simple: 1.0.1
      load-json-file: 7.0.1
    dev: true

  /package-json-from-dist@1.0.1:
    resolution: {integrity: sha512-UEZIS3/by4OC8vL3P2dTXRETpebLI2NiI5vIrjaD/5UtrkFX/tNbwjTSRAGC/+7CAo2pIcBaRgWmcBBHcsaCIw==}
    dev: true

  /parse-ms@4.0.0:
    resolution: {integrity: sha512-TXfryirbmq34y8QBwgqCVLi+8oA3oWx2eAnSn62ITyEhEYaWRlVZ2DvMM9eZbMs/RfxPu/PK/aBLyGj4IrqMHw==}
    engines: {node: '>=18'}
    dev: true

  /path-key@3.1.1:
    resolution: {integrity: sha1-WB9q3mWMu6ZaDTOA3ndTKVBU83U=}
    engines: {node: '>=8'}
    dev: true

  /path-scurry@1.11.1:
    resolution: {integrity: sha512-Xa4Nw17FS9ApQFJ9umLiJS4orGjm7ZzwUrwamcGQuHSzDyth9boKDaycYdDcZDuqYATXw4HFXgaqWTctW/v1HA==}
    engines: {node: '>=16 || 14 >=14.18'}
    dependencies:
      lru-cache: 10.4.3
      minipass: 7.1.2
    dev: true

  /path-type@6.0.0:
    resolution: {integrity: sha512-Vj7sf++t5pBD637NSfkxpHSMfWaeig5+DKWLhcqIYx6mWQz5hdJTGDVMQiJcw1ZYkhs7AazKDGpRVji1LJCZUQ==}
    engines: {node: '>=18'}
    dev: true

  /picomatch@2.3.1:
    resolution: {integrity: sha512-JU3teHTNjmE2VCGFzuY8EXzCDVwEqB2a8fsIvwaStHhAWJEeVd1o1QD80CU6+ZdEXXSLbSsuLwJjkCBWqRQUVA==}
    engines: {node: '>=8.6'}
    dev: true

  /picomatch@4.0.2:
    resolution: {integrity: sha512-M7BAV6Rlcy5u+m6oPhAPFgJTzAioX/6B0DxyvDlo9l8+T3nLKbrczg2WLUyzd45L8RqfUMyGPzekbMvX2Ldkwg==}
    engines: {node: '>=12'}
    dev: true

  /plur@5.1.0:
    resolution: {integrity: sha512-VP/72JeXqak2KiOzjgKtQen5y3IZHn+9GOuLDafPv0eXa47xq0At93XahYBs26MsifCQ4enGKwbjBTKgb9QJXg==}
    engines: {node: ^12.20.0 || ^14.13.1 || >=16.0.0}
    dependencies:
      irregular-plurals: 3.5.0
    dev: true

  /pretty-ms@9.2.0:
    resolution: {integrity: sha512-4yf0QO/sllf/1zbZWYnvWw3NxCQwLXKzIj0G849LSufP15BXKM0rbD2Z3wVnkMfjdn/CB0Dpp444gYAACdsplg==}
    engines: {node: '>=18'}
    dependencies:
      parse-ms: 4.0.0
    dev: true

  /queue-microtask@1.2.3:
    resolution: {integrity: sha1-SSkii7xyTfrEPg77BYyve2z7YkM=}
    dev: true

  /require-directory@2.1.1:
    resolution: {integrity: sha1-jGStX9MNqxyXbiNE/+f3kqam30I=}
    engines: {node: '>=0.10.0'}
    dev: true

  /resolve-cwd@3.0.0:
    resolution: {integrity: sha1-DwB18bslRHZs9zumpuKt/ryxPy0=}
    engines: {node: '>=8'}
    dependencies:
      resolve-from: 5.0.0
    dev: true

  /resolve-from@5.0.0:
    resolution: {integrity: sha1-w1IlhD3493bfIcV1V7wIfp39/Gk=}
    engines: {node: '>=8'}
    dev: true

  /reusify@1.1.0:
    resolution: {integrity: sha512-g6QUff04oZpHs0eG5p83rFLhHeV00ug/Yf9nZM6fLeUrPguBTkTQOdpAWWspMh55TZfVQDPaN3NQJfbVRAxdIw==}
    engines: {iojs: '>=1.0.0', node: '>=0.10.0'}
    dev: true

  /run-parallel@1.2.0:
    resolution: {integrity: sha1-ZtE2jae9+SHrnZW9GpIp5/IaQ+4=}
    dependencies:
      queue-microtask: 1.2.3
    dev: true

  /semver@7.7.2:
    resolution: {integrity: sha512-RF0Fw+rO5AMf9MAyaRXI4AV0Ulj5lMHqVxxdSgiVbixSCXoEmmX/jk0CuJw4+3SqroYO9VoUh+HcuJivvtJemA==}
    engines: {node: '>=10'}
    hasBin: true
    dev: true

  /serialize-error@7.0.1:
    resolution: {integrity: sha1-8TYLBEf2H/tIPsQVfHN/q313jhg=}
    engines: {node: '>=10'}
    dependencies:
      type-fest: 0.13.1
    dev: true

  /shebang-command@2.0.0:
    resolution: {integrity: sha1-zNCvT4g1+9wmW4JGGq8MNmY/NOo=}
    engines: {node: '>=8'}
    dependencies:
      shebang-regex: 3.0.0
    dev: true

  /shebang-regex@3.0.0:
    resolution: {integrity: sha1-rhbxZE2HPsrYQ7AwexQzYtTEIXI=}
    engines: {node: '>=8'}
    dev: true

  /signal-exit@4.1.0:
    resolution: {integrity: sha512-bzyZ1e88w9O1iNJbKnOlvYTrWPDl46O1bG0D3XInv+9tkPrxrN8jUUTiFlDkkmKWgn1M6CfIA13SuGqOa9Korw==}
    engines: {node: '>=14'}
    dev: true

  /slash@5.1.0:
    resolution: {integrity: sha512-ZA6oR3T/pEyuqwMgAKT0/hAv8oAXckzbkmR0UkUosQ+Mc4RxGoJkRmwHgHufaenlyAgE1Mxgpdcrf75y6XcnDg==}
    engines: {node: '>=14.16'}
    dev: true

  /slice-ansi@5.0.0:
    resolution: {integrity: sha1-tzBjxXqpb5zYgWVLFSlNldKFxCo=}
    engines: {node: '>=12'}
    dependencies:
      ansi-styles: 6.2.1
      is-fullwidth-code-point: 4.0.0
    dev: true

  /sprintf-js@1.0.3:
    resolution: {integrity: sha1-BOaSb2YolTVPPdAVIDYzuFcpfiw=}
    dev: true

  /stack-utils@2.0.6:
    resolution: {integrity: sha512-XlkWvfIm6RmsWtNJx+uqtKLS8eqFbxUg0ZzLXqY0caEy9l7hruX8IpiDnjsLavoBgqCCR71TqWO8MaXYheJ3RQ==}
    engines: {node: '>=10'}
    dependencies:
      escape-string-regexp: 2.0.0
    dev: true

  /string-width@4.2.3:
    resolution: {integrity: sha1-JpxxF9J7Ba0uU2gwqOyJXvnG0BA=}
    engines: {node: '>=8'}
    dependencies:
      emoji-regex: 8.0.0
      is-fullwidth-code-point: 3.0.0
      strip-ansi: 6.0.1
    dev: true

  /string-width@5.1.2:
    resolution: {integrity: sha512-HnLOCR3vjcY8beoNLtcjZ5/nxn2afmME6lhrDrebokqMap+XbeW8n9TXpPDOqdGK5qcI3oT0GKTW6wC7EMiVqA==}
    engines: {node: '>=12'}
    dependencies:
      eastasianwidth: 0.2.0
      emoji-regex: 9.2.2
      strip-ansi: 7.1.0
    dev: true

  /string-width@7.2.0:
    resolution: {integrity: sha512-tsaTIkKW9b4N+AEj+SVA+WhJzV7/zMhcSu78mLKWSk7cXMOSHsBKFWUs0fWwq8QyK3MgJBQRX6Gbi4kYbdvGkQ==}
    engines: {node: '>=18'}
    dependencies:
      emoji-regex: 10.4.0
      get-east-asian-width: 1.3.0
      strip-ansi: 7.1.0
    dev: true

  /strip-ansi@6.0.1:
    resolution: {integrity: sha1-nibGPTD1NEPpSJSVshBdN7Z6hdk=}
    engines: {node: '>=8'}
    dependencies:
      ansi-regex: 5.0.1
    dev: true

  /strip-ansi@7.1.0:
    resolution: {integrity: sha512-iq6eVVI64nQQTRYq2KtEg2d2uU7LElhTJwsH4YzIHZshxlgZms/wIc4VoDQTlG/IvVIrBKG06CrZnp0qv7hkcQ==}
    engines: {node: '>=12'}
    dependencies:
      ansi-regex: 6.1.0
    dev: true

  /supertap@3.0.1:
    resolution: {integrity: sha512-u1ZpIBCawJnO+0QePsEiOknOfCRq0yERxiAchT0i4li0WHNUJbf0evXXSXOcCAR4M8iMDoajXYmstm/qO81Isw==}
    engines: {node: ^12.20.0 || ^14.13.1 || >=16.0.0}
    dependencies:
      indent-string: 5.0.0
      js-yaml: 3.14.1
      serialize-error: 7.0.1
      strip-ansi: 7.1.0
    dev: true

  /tar@7.4.3:
    resolution: {integrity: sha512-5S7Va8hKfV7W5U6g3aYxXmlPoZVAwUMy9AOKyF2fVuZa2UD3qZjg578OrLRt8PcNN1PleVaL/5/yYATNL0ICUw==}
    engines: {node: '>=18'}
    dependencies:
      '@isaacs/fs-minipass': 4.0.1
      chownr: 3.0.0
      minipass: 7.1.2
      minizlib: 3.0.2
      mkdirp: 3.0.1
      yallist: 5.0.0
    dev: true

  /temp-dir@3.0.0:
    resolution: {integrity: sha512-nHc6S/bwIilKHNRgK/3jlhDoIHcp45YgyiwcAk46Tr0LfEqGBVpmiAyuiuxeVE44m3mXnEeVhaipLOEWmH+Njw==}
    engines: {node: '>=14.16'}
    dev: true

  /time-zone@1.0.0:
    resolution: {integrity: sha1-mcW/VZWJZq9tBtg73zgA3IL67F0=}
    engines: {node: '>=4'}
    dev: true

  /to-regex-range@5.0.1:
    resolution: {integrity: sha1-FkjESq58jZiKMmAY7XL1tN0DkuQ=}
    engines: {node: '>=8.0'}
    dependencies:
      is-number: 7.0.0
    dev: true

  /tr46@0.0.3:
    resolution: {integrity: sha1-gYT9NH2snNwYWZLzpmIuFLnZq2o=}
    dev: true

  /type-fest@0.13.1:
    resolution: {integrity: sha1-AXLLW86AsL1ULqNI21DH4hg02TQ=}
    engines: {node: '>=10'}
    dev: true

  /unicorn-magic@0.3.0:
    resolution: {integrity: sha512-+QBBXBCvifc56fsbuxZQ6Sic3wqqc3WWaqxs58gvJrcOuN83HGTCwz3oS5phzU9LthRNE9VrJCFCLUgHeeFnfA==}
    engines: {node: '>=18'}
    dev: true

  /webidl-conversions@3.0.1:
    resolution: {integrity: sha1-JFNCdeKnvGvnvIZhHMFq4KVlSHE=}
    dev: true

  /well-known-symbols@2.0.0:
    resolution: {integrity: sha1-6cfAfb0TK3uEISyBdDkewfmHG6U=}
    engines: {node: '>=6'}
    dev: true

  /whatwg-url@5.0.0:
    resolution: {integrity: sha1-lmRU6HZUYuN2RNNib2dCzotwll0=}
    dependencies:
      tr46: 0.0.3
      webidl-conversions: 3.0.1
    dev: true

  /which@2.0.2:
    resolution: {integrity: sha1-fGqN0KY2oDJ+ELWckobu6T8/UbE=}
    engines: {node: '>= 8'}
    hasBin: true
    dependencies:
      isexe: 2.0.0
    dev: true

  /wrap-ansi@7.0.0:
    resolution: {integrity: sha1-Z+FFz/UQpqaYS98RUpEdadLrnkM=}
    engines: {node: '>=10'}
    dependencies:
      ansi-styles: 4.3.0
      string-width: 4.2.3
      strip-ansi: 6.0.1
    dev: true

  /wrap-ansi@8.1.0:
    resolution: {integrity: sha512-si7QWI6zUMq56bESFvagtmzMdGOtoxfR+Sez11Mobfc7tm+VkUckk9bW2UeffTGVUbOksxmSw0AA2gs8g71NCQ==}
    engines: {node: '>=12'}
    dependencies:
      ansi-styles: 6.2.1
      string-width: 5.1.2
      strip-ansi: 7.1.0
    dev: true

  /write-file-atomic@6.0.0:
    resolution: {integrity: sha512-GmqrO8WJ1NuzJ2DrziEI2o57jKAVIQNf8a18W3nCYU3H7PNWqCCVTeH6/NQE93CIllIgQS98rrmVkYgTX9fFJQ==}
    engines: {node: ^18.17.0 || >=20.5.0}
    dependencies:
      imurmurhash: 0.1.4
      signal-exit: 4.1.0
    dev: true

  /y18n@5.0.8:
    resolution: {integrity: sha1-f0k00PfKjFb5UxSTndzS3ZHOHVU=}
    engines: {node: '>=10'}
    dev: true

  /yallist@5.0.0:
    resolution: {integrity: sha512-YgvUTfwqyc7UXVMrB+SImsVYSmTS8X/tSrtdNZMImM+n7+QTriRXyXim0mBrTXNeqzVF0KWGgHPeiyViFFrNDw==}
    engines: {node: '>=18'}
    dev: true

  /yargs-parser@21.1.1:
    resolution: {integrity: sha512-tVpsJW7DdjecAiFpbIB1e3qxIQsE6NoPc5/eTdrbbIC4h0LVsWhnoa3g+m2HclBIujHzsxZ4VJVA+GUuc2/LBw==}
    engines: {node: '>=12'}
    dev: true

  /yargs@17.7.2:
    resolution: {integrity: sha512-7dSzzRQ++CKnNI/krKnYRV7JKKPUXMEh61soaHKg9mrWEhzFWhFnxPxGl+69cD1Ou63C13NUPCnmIcrvqCuM6w==}
    engines: {node: '>=12'}
    dependencies:
      cliui: 8.0.1
      escalade: 3.2.0
      get-caller-file: 2.0.5
      require-directory: 2.1.1
      string-width: 4.2.3
      y18n: 5.0.8
      yargs-parser: 21.1.1
    dev: true
